
Microsoft Visual Studio Solution File, Format Version 12.00
# Visual Studio Version 16
VisualStudioVersion = 16.0.30717.126
MinimumVisualStudioVersion = 10.0.40219.1
Project("{9A19103F-16F7-4668-BE54-9A1E7A4F7556}") = "LucaSystemTools", "LucaSystemTools\LucaSystemTools.csproj", "{F2D9A655-FBC5-43C2-9BB7-66422082A1F4}"
EndProject
Project("{9A19103F-16F7-4668-BE54-9A1E7A4F7556}") = "OpcodeGuide", "OpcodeGuide\OpcodeGuide.csproj", "{59341751-A528-48C9-8AB6-7FBD5707F1E1}"
EndProject
Global
	GlobalSection(SolutionConfigurationPlatforms) = preSolution
		Debug|Any CPU = Debug|Any CPU
		Release|Any CPU = Release|Any CPU
	EndGlobalSection
	GlobalSection(ProjectConfigurationPlatforms) = postSolution
		{F2D9A655-FBC5-43C2-9BB7-66422082A1F4}.Debug|Any CPU.ActiveCfg = Debug|Any CPU
		{F2D9A655-FBC5-43C2-9BB7-66422082A1F4}.Debug|Any CPU.Build.0 = Debug|Any CPU
		{F2D9A655-FBC5-43C2-9BB7-66422082A1F4}.Release|Any CPU.ActiveCfg = Release|Any CPU
		{F2D9A655-FBC5-43C2-9BB7-66422082A1F4}.Release|Any CPU.Build.0 = Release|Any CPU
		{59341751-A528-48C9-8AB6-7FBD5707F1E1}.Debug|Any CPU.ActiveCfg = Debug|Any CPU
		{59341751-A528-48C9-8AB6-7FBD5707F1E1}.Debug|Any CPU.Build.0 = Debug|Any CPU
		{59341751-A528-48C9-8AB6-7FBD5707F1E1}.Release|Any CPU.ActiveCfg = Release|Any CPU
		{59341751-A528-48C9-8AB6-7FBD5707F1E1}.Release|Any CPU.Build.0 = Release|Any CPU
	EndGlobalSection
	GlobalSection(SolutionProperties) = preSolution
		HideSolutionNode = FALSE
	EndGlobalSection
	GlobalSection(ExtensibilityGlobals) = postSolution
		SolutionGuid = {151D76FF-82BA-4423-B8EF-FA2099F03AB9}
	EndGlobalSection
EndGlobal
